
Microsoft Visual Studio Solution File, Format Version 12.00
# Visual Studio Version 17
VisualStudioVersion = 17.14.36414.22 d17.14
MinimumVisualStudioVersion = 10.0.40219.1
Project("{FAE04EC0-301F-11D3-BF4B-00C04F79EFBC}") = "CamCook", "CamCook.csproj", "{C47F2169-26D6-4A1C-A08A-5A9DC5C31E61}"
EndProject
Global
	GlobalSection(SolutionConfigurationPlatforms) = preSolution
		Debug|Any CPU = Debug|Any CPU
		Release|Any CPU = Release|Any CPU
	EndGlobalSection
	GlobalSection(ProjectConfigurationPlatforms) = postSolution
		{C47F2169-26D6-4A1C-A08A-5A9DC5C31E61}.Debug|Any CPU.ActiveCfg = Debug|Any CPU
		{C47F2169-26D6-4A1C-A08A-5A9DC5C31E61}.Debug|Any CPU.Build.0 = Debug|Any CPU
		{C47F2169-26D6-4A1C-A08A-5A9DC5C31E61}.Release|Any CPU.ActiveCfg = Release|Any CPU
		{C47F2169-26D6-4A1C-A08A-5A9DC5C31E61}.Release|Any CPU.Build.0 = Release|Any CPU
	EndGlobalSection
	GlobalSection(SolutionProperties) = preSolution
		HideSolutionNode = FALSE
	EndGlobalSection
	GlobalSection(ExtensibilityGlobals) = postSolution
		SolutionGuid = {1E6B1DE1-F605-4B52-91DB-FE9DD07D996A}
	EndGlobalSection
EndGlobal
